
Microsoft Visual Studio Solution File, Format Version 12.00
# Visual Studio Version 17
VisualStudioVersion = 17.5.33516.290
MinimumVisualStudioVersion = 10.0.40219.1
Project("{FAE04EC0-301F-11D3-BF4B-00C04F79EFBC}") = "week-3-assesment", "week-3-assesment.csproj", "{5DBC7DC7-3699-4251-8EC7-6FC459EF1453}"
EndProject
Global
	GlobalSection(SolutionConfigurationPlatforms) = preSolution
		Debug|Any CPU = Debug|Any CPU
		Release|Any CPU = Release|Any CPU
	EndGlobalSection
	GlobalSection(ProjectConfigurationPlatforms) = postSolution
		{5DBC7DC7-3699-4251-8EC7-6FC459EF1453}.Debug|Any CPU.ActiveCfg = Debug|Any CPU
		{5DBC7DC7-3699-4251-8EC7-6FC459EF1453}.Debug|Any CPU.Build.0 = Debug|Any CPU
		{5DBC7DC7-3699-4251-8EC7-6FC459EF1453}.Release|Any CPU.ActiveCfg = Release|Any CPU
		{5DBC7DC7-3699-4251-8EC7-6FC459EF1453}.Release|Any CPU.Build.0 = Release|Any CPU
	EndGlobalSection
	GlobalSection(SolutionProperties) = preSolution
		HideSolutionNode = FALSE
	EndGlobalSection
	GlobalSection(ExtensibilityGlobals) = postSolution
		SolutionGuid = {693CA652-A0D5-445E-8E87-27FE41EBF3AF}
	EndGlobalSection
EndGlobal
